{
  "name": "metacall-redis-milliseconds",
  "version": "0.1.0",
  "lockfileVersion": 1,
  "requires": true,
  "dependencies": {
    "metacall": {
      "version": "0.3.0",
      "resolved": "https://registry.npmjs.org/metacall/-/metacall-0.3.0.tgz",
      "integrity": "sha512-YihfIUya1/+74Iy+SWUo1WiNHB6nDDb/Ib0rb45JDLpNiwwbRzDrs7Q0QjW9Jmxswm+HNuL0VrGn8xfQmTX8rw=="
    }
  }
}
